{
  "name": "dev-dashboard",
  "version": "1.0.0",
  "lockfileVersion": 3,
  "requires": true,
  "packages": {
    "": {
      "name": "dev-dashboard",
      "version": "1.0.0",
      "license": "ISC",
      "devDependencies": {
        "ansi_up": "^6.0.6",
        "jsonc-parser": "^3.3.1",
        "tree-kill": "^1.2.2"
      }
    },
    "node_modules/ansi_up": {
      "version": "6.0.6",
      "resolved": "https://registry.npmjs.org/ansi_up/-/ansi_up-6.0.6.tgz",
      "integrity": "sha512-yIa1x3Ecf8jWP4UWEunNjqNX6gzE4vg2gGz+xqRGY+TBSucnYp6RRdPV4brmtg6bQ1ljD48mZ5iGSEj7QEpRKA==",
      "dev": true,
      "license": "MIT",
      "engines": {
        "node": "*"
      }
    },
    "node_modules/jsonc-parser": {
      "version": "3.3.1",
      "resolved": "https://registry.npmjs.org/jsonc-parser/-/jsonc-parser-3.3.1.tgz",
      "integrity": "sha512-HUgH65KyejrUFPvHFPbqOY0rsFip3Bo5wb4ngvdi1EpCYWUQDC5V+Y7mZws+DLkr4M//zQJoanu1SP+87Dv1oQ==",
      "dev": true,
      "license": "MIT"
    },
    "node_modules/tree-kill": {
      "version": "1.2.2",
      "resolved": "https://registry.npmjs.org/tree-kill/-/tree-kill-1.2.2.tgz",
      "integrity": "sha512-L0Orpi8qGpRG//Nd+H90vFB+3iHnue1zSSGmNOOCh1GLJ7rUKVwV2HvijphGQS2UmhUZewS9VgvxYIdgr+fG1A==",
      "dev": true,
      "license": "MIT",
      "bin": {
        "tree-kill": "cli.js"
      }
    }
  }
}
